
Microsoft Visual Studio Solution File, Format Version 12.00
# Visual Studio Version 17
VisualStudioVersion = 17.13.35919.96 d17.13
MinimumVisualStudioVersion = 10.0.40219.1
Project("{8BC9CEB8-8B4A-11D0-8D11-00A0C91BC942}") = "FiltroMediaCUDACPU", "FiltroMediaCUDACPU.vcxproj", "{AAF32C96-01BF-C21C-FAD0-A62E8FFFBF51}"
EndProject
Global
	GlobalSection(SolutionConfigurationPlatforms) = preSolution
		Debug|x64 = Debug|x64
		Release|x64 = Release|x64
	EndGlobalSection
	GlobalSection(ProjectConfigurationPlatforms) = postSolution
		{AAF32C96-01BF-C21C-FAD0-A62E8FFFBF51}.Debug|x64.ActiveCfg = Debug|x64
		{AAF32C96-01BF-C21C-FAD0-A62E8FFFBF51}.Debug|x64.Build.0 = Debug|x64
		{AAF32C96-01BF-C21C-FAD0-A62E8FFFBF51}.Release|x64.ActiveCfg = Release|x64
		{AAF32C96-01BF-C21C-FAD0-A62E8FFFBF51}.Release|x64.Build.0 = Release|x64
	EndGlobalSection
	GlobalSection(SolutionProperties) = preSolution
		HideSolutionNode = FALSE
	EndGlobalSection
	GlobalSection(ExtensibilityGlobals) = postSolution
		SolutionGuid = {AE7D0263-F3B6-41C2-8BA6-658633BF073C}
	EndGlobalSection
EndGlobal
